
Microsoft Visual Studio Solution File, Format Version 10.00
# Visual Studio 2008
Project("{FAE04EC0-301F-11D3-BF4B-00C04F79EFBC}") = "StartupDelayed", "StartupDelayed\StartupDelayed.csproj", "{03A92633-1166-45F6-BC4D-100BF3DCF204}"
EndProject
Global
	GlobalSection(SolutionConfigurationPlatforms) = preSolution
		Debug|Any CPU = Debug|Any CPU
		Release|Any CPU = Release|Any CPU
	EndGlobalSection
	GlobalSection(ProjectConfigurationPlatforms) = postSolution
		{03A92633-1166-45F6-BC4D-100BF3DCF204}.Debug|Any CPU.ActiveCfg = Debug|Any CPU
		{03A92633-1166-45F6-BC4D-100BF3DCF204}.Debug|Any CPU.Build.0 = Debug|Any CPU
		{03A92633-1166-45F6-BC4D-100BF3DCF204}.Release|Any CPU.ActiveCfg = Release|Any CPU
		{03A92633-1166-45F6-BC4D-100BF3DCF204}.Release|Any CPU.Build.0 = Release|Any CPU
	EndGlobalSection
	GlobalSection(SolutionProperties) = preSolution
		HideSolutionNode = FALSE
	EndGlobalSection
EndGlobal
